// !$*UTF8*$!
{
	archiveVersion = 1;
	classes = {
	};
	objectVersion = 48;
	objects = {

/* Begin PBXBuildFile section */
		191AD319205FA5D9006DDE9B /* AudioToolbox.framework in Frameworks */ = {isa = PBXBuildFile; fileRef = 191AD318205FA5D9006DDE9B /* AudioToolbox.framework */; };
		191AD31B205FA5E1006DDE9B /* VideoToolbox.framework in Frameworks */ = {isa = PBXBuildFile; fileRef = 191AD31A205FA5E1006DDE9B /* VideoToolbox.framework */; };
		191AD31D205FA5EC006DDE9B /* CoreVideo.framework in Frameworks */ = {isa = PBXBuildFile; fileRef = 191AD31C205FA5EC006DDE9B /* CoreVideo.framework */; };
		191AD31F205FA5F3006DDE9B /* CoreAudio.framework in Frameworks */ = {isa = PBXBuildFile; fileRef = 191AD31E205FA5F3006DDE9B /* CoreAudio.framework */; };
		191AD321205FA657006DDE9B /* CoreMedia.framework in Frameworks */ = {isa = PBXBuildFile; fileRef = 191AD320205FA657006DDE9B /* CoreMedia.framework */; };
		191AD323205FA65D006DDE9B /* AVFoundation.framework in Frameworks */ = {isa = PBXBuildFile; fileRef = 191AD322205FA65D006DDE9B /* AVFoundation.framework */; };
		191AD325205FA663006DDE9B /* MediaPlayer.framework in Frameworks */ = {isa = PBXBuildFile; fileRef = 191AD324205FA663006DDE9B /* MediaPlayer.framework */; };
		1957941E205FBFF2008AC739 /* YTVLCMoivePlayer.bundle in Resources */ = {isa = PBXBuildFile; fileRef = 1957941D205FBFF1008AC739 /* YTVLCMoivePlayer.bundle */; };
		19951A97205F869500543AC2 /* AppDelegate.m in Sources */ = {isa = PBXBuildFile; fileRef = 19951A96205F869500543AC2 /* AppDelegate.m */; };
		19951A9A205F869500543AC2 /* ViewController.m in Sources */ = {isa = PBXBuildFile; fileRef = 19951A99205F869500543AC2 /* ViewController.m */; };
		19951A9D205F869500543AC2 /* Main.storyboard in Resources */ = {isa = PBXBuildFile; fileRef = 19951A9B205F869500543AC2 /* Main.storyboard */; };
		19951A9F205F869500543AC2 /* Assets.xcassets in Resources */ = {isa = PBXBuildFile; fileRef = 19951A9E205F869500543AC2 /* Assets.xcassets */; };
		19951AA2205F869500543AC2 /* LaunchScreen.storyboard in Resources */ = {isa = PBXBuildFile; fileRef = 19951AA0205F869500543AC2 /* LaunchScreen.storyboard */; };
		19951AA5205F869500543AC2 /* main.m in Sources */ = {isa = PBXBuildFile; fileRef = 19951AA4205F869500543AC2 /* main.m */; };
		19951AAF205F869500543AC2 /* YTMoivePlayerDemoTests.m in Sources */ = {isa = PBXBuildFile; fileRef = 19951AAE205F869500543AC2 /* YTMoivePlayerDemoTests.m */; };
		19951ABA205F869500543AC2 /* YTMoivePlayerDemoUITests.m in Sources */ = {isa = PBXBuildFile; fileRef = 19951AB9205F869500543AC2 /* YTMoivePlayerDemoUITests.m */; };
		19951AD7205F9D9100543AC2 /* YTVLCMoivePlayer.m in Sources */ = {isa = PBXBuildFile; fileRef = 19951AD5205F9D9100543AC2 /* YTVLCMoivePlayer.m */; };
		19951AD9205F9E2000543AC2 /* libstdc++.6.0.9.tbd in Frameworks */ = {isa = PBXBuildFile; fileRef = 19951AD8205F9E2000543AC2 /* libstdc++.6.0.9.tbd */; };
		19951ADB205F9E4000543AC2 /* libiconv.2.4.0.tbd in Frameworks */ = {isa = PBXBuildFile; fileRef = 19951ADA205F9E4000543AC2 /* libiconv.2.4.0.tbd */; };
		19951ADD205F9E5C00543AC2 /* libc++.1.tbd in Frameworks */ = {isa = PBXBuildFile; fileRef = 19951ADC205F9E5C00543AC2 /* libc++.1.tbd */; };
		19951ADF205F9E6A00543AC2 /* libz.1.tbd in Frameworks */ = {isa = PBXBuildFile; fileRef = 19951ADE205F9E6A00543AC2 /* libz.1.tbd */; };
/* End PBXBuildFile section */

/* Begin PBXContainerItemProxy section */
		19951AAB205F869500543AC2 /* PBXContainerItemProxy */ = {
			isa = PBXContainerItemProxy;
			containerPortal = 19951A8A205F869500543AC2 /* Project object */;
			proxyType = 1;
			remoteGlobalIDString = 19951A91205F869500543AC2;
			remoteInfo = YTMoivePlayerDemo;
		};
		19951AB6205F869500543AC2 /* PBXContainerItemProxy */ = {
			isa = PBXContainerItemProxy;
			containerPortal = 19951A8A205F869500543AC2 /* Project object */;
			proxyType = 1;
			remoteGlobalIDString = 19951A91205F869500543AC2;
			remoteInfo = YTMoivePlayerDemo;
		};
/* End PBXContainerItemProxy section */

/* Begin PBXFileReference section */
		191AD318205FA5D9006DDE9B /* AudioToolbox.framework */ = {isa = PBXFileReference; lastKnownFileType = wrapper.framework; name = AudioToolbox.framework; path = System/Library/Frameworks/AudioToolbox.framework; sourceTree = SDKROOT; };
		191AD31A205FA5E1006DDE9B /* VideoToolbox.framework */ = {isa = PBXFileReference; lastKnownFileType = wrapper.framework; name = VideoToolbox.framework; path = System/Library/Frameworks/VideoToolbox.framework; sourceTree = SDKROOT; };
		191AD31C205FA5EC006DDE9B /* CoreVideo.framework */ = {isa = PBXFileReference; lastKnownFileType = wrapper.framework; name = CoreVideo.framework; path = System/Library/Frameworks/CoreVideo.framework; sourceTree = SDKROOT; };
		191AD31E205FA5F3006DDE9B /* CoreAudio.framework */ = {isa = PBXFileReference; lastKnownFileType = wrapper.framework; name = CoreAudio.framework; path = System/Library/Frameworks/CoreAudio.framework; sourceTree = SDKROOT; };
		191AD320205FA657006DDE9B /* CoreMedia.framework */ = {isa = PBXFileReference; lastKnownFileType = wrapper.framework; name = CoreMedia.framework; path = System/Library/Frameworks/CoreMedia.framework; sourceTree = SDKROOT; };
		191AD322205FA65D006DDE9B /* AVFoundation.framework */ = {isa = PBXFileReference; lastKnownFileType = wrapper.framework; name = AVFoundation.framework; path = System/Library/Frameworks/AVFoundation.framework; sourceTree = SDKROOT; };
		191AD324205FA663006DDE9B /* MediaPlayer.framework */ = {isa = PBXFileReference; lastKnownFileType = wrapper.framework; name = MediaPlayer.framework; path = System/Library/Frameworks/MediaPlayer.framework; sourceTree = SDKROOT; };
		1957941D205FBFF1008AC739 /* YTVLCMoivePlayer.bundle */ = {isa = PBXFileReference; lastKnownFileType = "wrapper.plug-in"; path = YTVLCMoivePlayer.bundle; sourceTree = "<group>"; };
		19951A92205F869500543AC2 /* YTMoivePlayerDemo.app */ = {isa = PBXFileReference; explicitFileType = wrapper.application; includeInIndex = 0; path = YTMoivePlayerDemo.app; sourceTree = BUILT_PRODUCTS_DIR; };
		19951A95205F869500543AC2 /* AppDelegate.h */ = {isa = PBXFileReference; lastKnownFileType = sourcecode.c.h; path = AppDelegate.h; sourceTree = "<group>"; };
		19951A96205F869500543AC2 /* AppDelegate.m */ = {isa = PBXFileReference; lastKnownFileType = sourcecode.c.objc; path = AppDelegate.m; sourceTree = "<group>"; };
		19951A98205F869500543AC2 /* ViewController.h */ = {isa = PBXFileReference; lastKnownFileType = sourcecode.c.h; path = ViewController.h; sourceTree = "<group>"; };
		19951A99205F869500543AC2 /* ViewController.m */ = {isa = PBXFileReference; lastKnownFileType = sourcecode.c.objc; path = ViewController.m; sourceTree = "<group>"; };
		19951A9C205F869500543AC2 /* Base */ = {isa = PBXFileReference; lastKnownFileType = file.storyboard; name = Base; path = Base.lproj/Main.storyboard; sourceTree = "<group>"; };
		19951A9E205F869500543AC2 /* Assets.xcassets */ = {isa = PBXFileReference; lastKnownFileType = folder.assetcatalog; path = Assets.xcassets; sourceTree = "<group>"; };
		19951AA1205F869500543AC2 /* Base */ = {isa = PBXFileReference; lastKnownFileType = file.storyboard; name = Base; path = Base.lproj/LaunchScreen.storyboard; sourceTree = "<group>"; };
		19951AA3205F869500543AC2 /* Info.plist */ = {isa = PBXFileReference; lastKnownFileType = text.plist.xml; path = Info.plist; sourceTree = "<group>"; };
		19951AA4205F869500543AC2 /* main.m */ = {isa = PBXFileReference; lastKnownFileType = sourcecode.c.objc; path = main.m; sourceTree = "<group>"; };
		19951AAA205F869500543AC2 /* YTMoivePlayerDemoTests.xctest */ = {isa = PBXFileReference; explicitFileType = wrapper.cfbundle; includeInIndex = 0; path = YTMoivePlayerDemoTests.xctest; sourceTree = BUILT_PRODUCTS_DIR; };
		19951AAE205F869500543AC2 /* YTMoivePlayerDemoTests.m */ = {isa = PBXFileReference; lastKnownFileType = sourcecode.c.objc; path = YTMoivePlayerDemoTests.m; sourceTree = "<group>"; };
		19951AB0205F869500543AC2 /* Info.plist */ = {isa = PBXFileReference; lastKnownFileType = text.plist.xml; path = Info.plist; sourceTree = "<group>"; };
		19951AB5205F869500543AC2 /* YTMoivePlayerDemoUITests.xctest */ = {isa = PBXFileReference; explicitFileType = wrapper.cfbundle; includeInIndex = 0; path = YTMoivePlayerDemoUITests.xctest; sourceTree = BUILT_PRODUCTS_DIR; };
		19951AB9205F869500543AC2 /* YTMoivePlayerDemoUITests.m */ = {isa = PBXFileReference; lastKnownFileType = sourcecode.c.objc; path = YTMoivePlayerDemoUITests.m; sourceTree = "<group>"; };
		19951ABB205F869500543AC2 /* Info.plist */ = {isa = PBXFileReference; lastKnownFileType = text.plist.xml; path = Info.plist; sourceTree = "<group>"; };
		19951AD4205F9D9000543AC2 /* YTVLCMoivePlayer.h */ = {isa = PBXFileReference; fileEncoding = 4; lastKnownFileType = sourcecode.c.h; path = YTVLCMoivePlayer.h; sourceTree = "<group>"; };
		19951AD5205F9D9100543AC2 /* YTVLCMoivePlayer.m */ = {isa = PBXFileReference; fileEncoding = 4; lastKnownFileType = sourcecode.c.objc; path = YTVLCMoivePlayer.m; sourceTree = "<group>"; };
		19951AD8205F9E2000543AC2 /* libstdc++.6.0.9.tbd */ = {isa = PBXFileReference; lastKnownFileType = "sourcecode.text-based-dylib-definition"; name = "libstdc++.6.0.9.tbd"; path = "usr/lib/libstdc++.6.0.9.tbd"; sourceTree = SDKROOT; };
		19951ADA205F9E4000543AC2 /* libiconv.2.4.0.tbd */ = {isa = PBXFileReference; lastKnownFileType = "sourcecode.text-based-dylib-definition"; name = libiconv.2.4.0.tbd; path = usr/lib/libiconv.2.4.0.tbd; sourceTree = SDKROOT; };
		19951ADC205F9E5C00543AC2 /* libc++.1.tbd */ = {isa = PBXFileReference; lastKnownFileType = "sourcecode.text-based-dylib-definition"; name = "libc++.1.tbd"; path = "usr/lib/libc++.1.tbd"; sourceTree = SDKROOT; };
		19951ADE205F9E6A00543AC2 /* libz.1.tbd */ = {isa = PBXFileReference; lastKnownFileType = "sourcecode.text-based-dylib-definition"; name = libz.1.tbd; path = usr/lib/libz.1.tbd; sourceTree = SDKROOT; };
/* End PBXFileReference section */

/* Begin PBXFrameworksBuildPhase section */
		19951A8F205F869500543AC2 /* Frameworks */ = {
			isa = PBXFrameworksBuildPhase;
			buildActionMask = 2147483647;
			files = (
				191AD325205FA663006DDE9B /* MediaPlayer.framework in Frameworks */,
				191AD323205FA65D006DDE9B /* AVFoundation.framework in Frameworks */,
				191AD321205FA657006DDE9B /* CoreMedia.framework in Frameworks */,
				191AD31F205FA5F3006DDE9B /* CoreAudio.framework in Frameworks */,
				191AD31D205FA5EC006DDE9B /* CoreVideo.framework in Frameworks */,
				191AD31B205FA5E1006DDE9B /* VideoToolbox.framework in Frameworks */,
				191AD319205FA5D9006DDE9B /* AudioToolbox.framework in Frameworks */,
				19951ADF205F9E6A00543AC2 /* libz.1.tbd in Frameworks */,
				19951ADD205F9E5C00543AC2 /* libc++.1.tbd in Frameworks */,
				19951ADB205F9E4000543AC2 /* libiconv.2.4.0.tbd in Frameworks */,
				19951AD9205F9E2000543AC2 /* libstdc++.6.0.9.tbd in Frameworks */,
			);
			runOnlyForDeploymentPostprocessing = 0;
		};
		19951AA7205F869500543AC2 /* Frameworks */ = {
			isa = PBXFrameworksBuildPhase;
			buildActionMask = 2147483647;
			files = (
			);
			runOnlyForDeploymentPostprocessing = 0;
		};
		19951AB2205F869500543AC2 /* Frameworks */ = {
			isa = PBXFrameworksBuildPhase;
			buildActionMask = 2147483647;
			files = (
			);
			runOnlyForDeploymentPostprocessing = 0;
		};
/* End PBXFrameworksBuildPhase section */

/* Begin PBXGroup section */
		19951A89205F869500543AC2 = {
			isa = PBXGroup;
			children = (
				19951A94205F869500543AC2 /* YTMoivePlayerDemo */,
				19951AAD205F869500543AC2 /* YTMoivePlayerDemoTests */,
				19951AB8205F869500543AC2 /* YTMoivePlayerDemoUITests */,
				19951A93205F869500543AC2 /* Products */,
				19951ACD205F9AAA00543AC2 /* Frameworks */,
			);
			sourceTree = "<group>";
		};
		19951A93205F869500543AC2 /* Products */ = {
			isa = PBXGroup;
			children = (
				19951A92205F869500543AC2 /* YTMoivePlayerDemo.app */,
				19951AAA205F869500543AC2 /* YTMoivePlayerDemoTests.xctest */,
				19951AB5205F869500543AC2 /* YTMoivePlayerDemoUITests.xctest */,
			);
			name = Products;
			sourceTree = "<group>";
		};
		19951A94205F869500543AC2 /* YTMoivePlayerDemo */ = {
			isa = PBXGroup;
			children = (
				19951ACC205F999800543AC2 /* YTVLCMoivePlayer */,
				19951A95205F869500543AC2 /* AppDelegate.h */,
				19951A96205F869500543AC2 /* AppDelegate.m */,
				19951A98205F869500543AC2 /* ViewController.h */,
				19951A99205F869500543AC2 /* ViewController.m */,
				1957941D205FBFF1008AC739 /* YTVLCMoivePlayer.bundle */,
				19951A9B205F869500543AC2 /* Main.storyboard */,
				19951A9E205F869500543AC2 /* Assets.xcassets */,
				19951AA0205F869500543AC2 /* LaunchScreen.storyboard */,
				19951AA3205F869500543AC2 /* Info.plist */,
				19951AA4205F869500543AC2 /* main.m */,
			);
			path = YTMoivePlayerDemo;
			sourceTree = "<group>";
		};
		19951AAD205F869500543AC2 /* YTMoivePlayerDemoTests */ = {
			isa = PBXGroup;
			children = (
				19951AAE205F869500543AC2 /* YTMoivePlayerDemoTests.m */,
				19951AB0205F869500543AC2 /* Info.plist */,
			);
			path = YTMoivePlayerDemoTests;
			sourceTree = "<group>";
		};
		19951AB8205F869500543AC2 /* YTMoivePlayerDemoUITests */ = {
			isa = PBXGroup;
			children = (
				19951AB9205F869500543AC2 /* YTMoivePlayerDemoUITests.m */,
				19951ABB205F869500543AC2 /* Info.plist */,
			);
			path = YTMoivePlayerDemoUITests;
			sourceTree = "<group>";
		};
		19951ACC205F999800543AC2 /* YTVLCMoivePlayer */ = {
			isa = PBXGroup;
			children = (
				19951AD4205F9D9000543AC2 /* YTVLCMoivePlayer.h */,
				19951AD5205F9D9100543AC2 /* YTVLCMoivePlayer.m */,
			);
			path = YTVLCMoivePlayer;
			sourceTree = "<group>";
		};
		19951ACD205F9AAA00543AC2 /* Frameworks */ = {
			isa = PBXGroup;
			children = (
				191AD324205FA663006DDE9B /* MediaPlayer.framework */,
				191AD322205FA65D006DDE9B /* AVFoundation.framework */,
				191AD320205FA657006DDE9B /* CoreMedia.framework */,
				191AD31E205FA5F3006DDE9B /* CoreAudio.framework */,
				191AD31C205FA5EC006DDE9B /* CoreVideo.framework */,
				191AD31A205FA5E1006DDE9B /* VideoToolbox.framework */,
				191AD318205FA5D9006DDE9B /* AudioToolbox.framework */,
				19951ADE205F9E6A00543AC2 /* libz.1.tbd */,
				19951ADC205F9E5C00543AC2 /* libc++.1.tbd */,
				19951ADA205F9E4000543AC2 /* libiconv.2.4.0.tbd */,
				19951AD8205F9E2000543AC2 /* libstdc++.6.0.9.tbd */,
			);
			name = Frameworks;
			sourceTree = "<group>";
		};
/* End PBXGroup section */

/* Begin PBXNativeTarget section */
		19951A91205F869500543AC2 /* YTMoivePlayerDemo */ = {
			isa = PBXNativeTarget;
			buildConfigurationList = 19951ABE205F869500543AC2 /* Build configuration list for PBXNativeTarget "YTMoivePlayerDemo" */;
			buildPhases = (
				19951A8E205F869500543AC2 /* Sources */,
				19951A8F205F869500543AC2 /* Frameworks */,
				19951A90205F869500543AC2 /* Resources */,
			);
			buildRules = (
			);
			dependencies = (
			);
			name = YTMoivePlayerDemo;
			productName = YTMoivePlayerDemo;
			productReference = 19951A92205F869500543AC2 /* YTMoivePlayerDemo.app */;
			productType = "com.apple.product-type.application";
		};
		19951AA9205F869500543AC2 /* YTMoivePlayerDemoTests */ = {
			isa = PBXNativeTarget;
			buildConfigurationList = 19951AC1205F869500543AC2 /* Build configuration list for PBXNativeTarget "YTMoivePlayerDemoTests" */;
			buildPhases = (
				19951AA6205F869500543AC2 /* Sources */,
				19951AA7205F869500543AC2 /* Frameworks */,
				19951AA8205F869500543AC2 /* Resources */,
			);
			buildRules = (
			);
			dependencies = (
				19951AAC205F869500543AC2 /* PBXTargetDependency */,
			);
			name = YTMoivePlayerDemoTests;
			productName = YTMoivePlayerDemoTests;
			productReference = 19951AAA205F869500543AC2 /* YTMoivePlayerDemoTests.xctest */;
			productType = "com.apple.product-type.bundle.unit-test";
		};
		19951AB4205F869500543AC2 /* YTMoivePlayerDemoUITests */ = {
			isa = PBXNativeTarget;
			buildConfigurationList = 19951AC4205F869500543AC2 /* Build configuration list for PBXNativeTarget "YTMoivePlayerDemoUITests" */;
			buildPhases = (
				19951AB1205F869500543AC2 /* Sources */,
				19951AB2205F869500543AC2 /* Frameworks */,
				19951AB3205F869500543AC2 /* Resources */,
			);
			buildRules = (
			);
			dependencies = (
				19951AB7205F869500543AC2 /* PBXTargetDependency */,
			);
			name = YTMoivePlayerDemoUITests;
			productName = YTMoivePlayerDemoUITests;
			productReference = 19951AB5205F869500543AC2 /* YTMoivePlayerDemoUITests.xctest */;
			productType = "com.apple.product-type.bundle.ui-testing";
		};
/* End PBXNativeTarget section */

/* Begin PBXProject section */
		19951A8A205F869500543AC2 /* Project object */ = {
			isa = PBXProject;
			attributes = {
				LastUpgradeCheck = 0920;
				ORGANIZATIONNAME = yetaiwen;
				TargetAttributes = {
					19951A91205F869500543AC2 = {
						CreatedOnToolsVersion = 9.2;
						ProvisioningStyle = Automatic;
					};
					19951AA9205F869500543AC2 = {
						CreatedOnToolsVersion = 9.2;
						ProvisioningStyle = Automatic;
						TestTargetID = 19951A91205F869500543AC2;
					};
					19951AB4205F869500543AC2 = {
						CreatedOnToolsVersion = 9.2;
						ProvisioningStyle = Automatic;
						TestTargetID = 19951A91205F869500543AC2;
					};
				};
			};
			buildConfigurationList = 19951A8D205F869500543AC2 /* Build configuration list for PBXProject "YTMoivePlayerDemo" */;
			compatibilityVersion = "Xcode 8.0";
			developmentRegion = en;
			hasScannedForEncodings = 0;
			knownRegions = (
				en,
				Base,
			);
			mainGroup = 19951A89205F869500543AC2;
			productRefGroup = 19951A93205F869500543AC2 /* Products */;
			projectDirPath = "";
			projectRoot = "";
			targets = (
				19951A91205F869500543AC2 /* YTMoivePlayerDemo */,
				19951AA9205F869500543AC2 /* YTMoivePlayerDemoTests */,
				19951AB4205F869500543AC2 /* YTMoivePlayerDemoUITests */,
			);
		};
/* End PBXProject section */

/* Begin PBXResourcesBuildPhase section */
		19951A90205F869500543AC2 /* Resources */ = {
			isa = PBXResourcesBuildPhase;
			buildActionMask = 2147483647;
			files = (
				19951AA2205F869500543AC2 /* LaunchScreen.storyboard in Resources */,
				19951A9F205F869500543AC2 /* Assets.xcassets in Resources */,
				19951A9D205F869500543AC2 /* Main.storyboard in Resources */,
				1957941E205FBFF2008AC739 /* YTVLCMoivePlayer.bundle in Resources */,
			);
			runOnlyForDeploymentPostprocessing = 0;
		};
		19951AA8205F869500543AC2 /* Resources */ = {
			isa = PBXResourcesBuildPhase;
			buildActionMask = 2147483647;
			files = (
			);
			runOnlyForDeploymentPostprocessing = 0;
		};
		19951AB3205F869500543AC2 /* Resources */ = {
			isa = PBXResourcesBuildPhase;
			buildActionMask = 2147483647;
			files = (
			);
			runOnlyForDeploymentPostprocessing = 0;
		};
/* End PBXResourcesBuildPhase section */

/* Begin PBXSourcesBuildPhase section */
		19951A8E205F869500543AC2 /* Sources */ = {
			isa = PBXSourcesBuildPhase;
			buildActionMask = 2147483647;
			files = (
				19951AD7205F9D9100543AC2 /* YTVLCMoivePlayer.m in Sources */,
				19951A9A205F869500543AC2 /* ViewController.m in Sources */,
				19951AA5205F869500543AC2 /* main.m in Sources */,
				19951A97205F869500543AC2 /* AppDelegate.m in Sources */,
			);
			runOnlyForDeploymentPostprocessing = 0;
		};
		19951AA6205F869500543AC2 /* Sources */ = {
			isa = PBXSourcesBuildPhase;
			buildActionMask = 2147483647;
			files = (
				19951AAF205F869500543AC2 /* YTMoivePlayerDemoTests.m in Sources */,
			);
			runOnlyForDeploymentPostprocessing = 0;
		};
		19951AB1205F869500543AC2 /* Sources */ = {
			isa = PBXSourcesBuildPhase;
			buildActionMask = 2147483647;
			files = (
				19951ABA205F869500543AC2 /* YTMoivePlayerDemoUITests.m in Sources */,
			);
			runOnlyForDeploymentPostprocessing = 0;
		};
/* End PBXSourcesBuildPhase section */

/* Begin PBXTargetDependency section */
		19951AAC205F869500543AC2 /* PBXTargetDependency */ = {
			isa = PBXTargetDependency;
			target = 19951A91205F869500543AC2 /* YTMoivePlayerDemo */;
			targetProxy = 19951AAB205F869500543AC2 /* PBXContainerItemProxy */;
		};
		19951AB7205F869500543AC2 /* PBXTargetDependency */ = {
			isa = PBXTargetDependency;
			target = 19951A91205F869500543AC2 /* YTMoivePlayerDemo */;
			targetProxy = 19951AB6205F869500543AC2 /* PBXContainerItemProxy */;
		};
/* End PBXTargetDependency section */

/* Begin PBXVariantGroup section */
		19951A9B205F869500543AC2 /* Main.storyboard */ = {
			isa = PBXVariantGroup;
			children = (
				19951A9C205F869500543AC2 /* Base */,
			);
			name = Main.storyboard;
			sourceTree = "<group>";
		};
		19951AA0205F869500543AC2 /* LaunchScreen.storyboard */ = {
			isa = PBXVariantGroup;
			children = (
				19951AA1205F869500543AC2 /* Base */,
			);
			name = LaunchScreen.storyboard;
			sourceTree = "<group>";
		};
/* End PBXVariantGroup section */

/* Begin XCBuildConfiguration section */
		19951ABC205F869500543AC2 /* Debug */ = {
			isa = XCBuildConfiguration;
			buildSettings = {
				ALWAYS_SEARCH_USER_PATHS = NO;
				CLANG_ANALYZER_NONNULL = YES;
				CLANG_ANALYZER_NUMBER_OBJECT_CONVERSION = YES_AGGRESSIVE;
				CLANG_CXX_LANGUAGE_STANDARD = "gnu++14";
				CLANG_CXX_LIBRARY = "libc++";
				CLANG_ENABLE_MODULES = YES;
				CLANG_ENABLE_OBJC_ARC = YES;
				CLANG_WARN_BLOCK_CAPTURE_AUTORELEASING = YES;
				CLANG_WARN_BOOL_CONVERSION = YES;
				CLANG_WARN_COMMA = YES;
				CLANG_WARN_CONSTANT_CONVERSION = YES;
				CLANG_WARN_DIRECT_OBJC_ISA_USAGE = YES_ERROR;
				CLANG_WARN_DOCUMENTATION_COMMENTS = YES;
				CLANG_WARN_EMPTY_BODY = YES;
				CLANG_WARN_ENUM_CONVERSION = YES;
				CLANG_WARN_INFINITE_RECURSION = YES;
				CLANG_WARN_INT_CONVERSION = YES;
				CLANG_WARN_NON_LITERAL_NULL_CONVERSION = YES;
				CLANG_WARN_OBJC_LITERAL_CONVERSION = YES;
				CLANG_WARN_OBJC_ROOT_CLASS = YES_ERROR;
				CLANG_WARN_RANGE_LOOP_ANALYSIS = YES;
				CLANG_WARN_STRICT_PROTOTYPES = YES;
				CLANG_WARN_SUSPICIOUS_MOVE = YES;
				CLANG_WARN_UNGUARDED_AVAILABILITY = YES_AGGRESSIVE;
				CLANG_WARN_UNREACHABLE_CODE = YES;
				CLANG_WARN__DUPLICATE_METHOD_MATCH = YES;
				CODE_SIGN_IDENTITY = "iPhone Developer";
				COPY_PHASE_STRIP = NO;
				DEBUG_INFORMATION_FORMAT = dwarf;
				ENABLE_STRICT_OBJC_MSGSEND = YES;
				ENABLE_TESTABILITY = YES;
				GCC_C_LANGUAGE_STANDARD = gnu11;
				GCC_DYNAMIC_NO_PIC = NO;
				GCC_NO_COMMON_BLOCKS = YES;
				GCC_OPTIMIZATION_LEVEL = 0;
				GCC_PREPROCESSOR_DEFINITIONS = (
					"DEBUG=1",
					"$(inherited)",
				);
				GCC_WARN_64_TO_32_BIT_CONVERSION = YES;
				GCC_WARN_ABOUT_RETURN_TYPE = YES_ERROR;
				GCC_WARN_UNDECLARED_SELECTOR = YES;
				GCC_WARN_UNINITIALIZED_AUTOS = YES_AGGRESSIVE;
				GCC_WARN_UNUSED_FUNCTION = YES;
				GCC_WARN_UNUSED_VARIABLE = YES;
				IPHONEOS_DEPLOYMENT_TARGET = 11.2;
				MTL_ENABLE_DEBUG_INFO = YES;
				ONLY_ACTIVE_ARCH = YES;
				SDKROOT = iphoneos;
			};
			name = Debug;
		};
		19951ABD205F869500543AC2 /* Release */ = {
			isa = XCBuildConfiguration;
			buildSettings = {
				ALWAYS_SEARCH_USER_PATHS = NO;
				CLANG_ANALYZER_NONNULL = YES;
				CLANG_ANALYZER_NUMBER_OBJECT_CONVERSION = YES_AGGRESSIVE;
				CLANG_CXX_LANGUAGE_STANDARD = "gnu++14";
				CLANG_CXX_LIBRARY = "libc++";
				CLANG_ENABLE_MODULES = YES;
				CLANG_ENABLE_OBJC_ARC = YES;
				CLANG_WARN_BLOCK_CAPTURE_AUTORELEASING = YES;
				CLANG_WARN_BOOL_CONVERSION = YES;
				CLANG_WARN_COMMA = YES;
				CLANG_WARN_CONSTANT_CONVERSION = YES;
				CLANG_WARN_DIRECT_OBJC_ISA_USAGE = YES_ERROR;
				CLANG_WARN_DOCUMENTATION_COMMENTS = YES;
				CLANG_WARN_EMPTY_BODY = YES;
				CLANG_WARN_ENUM_CONVERSION = YES;
				CLANG_WARN_INFINITE_RECURSION = YES;
				CLANG_WARN_INT_CONVERSION = YES;
				CLANG_WARN_NON_LITERAL_NULL_CONVERSION = YES;
				CLANG_WARN_OBJC_LITERAL_CONVERSION = YES;
				CLANG_WARN_OBJC_ROOT_CLASS = YES_ERROR;
				CLANG_WARN_RANGE_LOOP_ANALYSIS = YES;
				CLANG_WARN_STRICT_PROTOTYPES = YES;
				CLANG_WARN_SUSPICIOUS_MOVE = YES;
				CLANG_WARN_UNGUARDED_AVAILABILITY = YES_AGGRESSIVE;
				CLANG_WARN_UNREACHABLE_CODE = YES;
				CLANG_WARN__DUPLICATE_METHOD_MATCH = YES;
				CODE_SIGN_IDENTITY = "iPhone Developer";
				COPY_PHASE_STRIP = NO;
				DEBUG_INFORMATION_FORMAT = "dwarf-with-dsym";
				ENABLE_NS_ASSERTIONS = NO;
				ENABLE_STRICT_OBJC_MSGSEND = YES;
				GCC_C_LANGUAGE_STANDARD = gnu11;
				GCC_NO_COMMON_BLOCKS = YES;
				GCC_WARN_64_TO_32_BIT_CONVERSION = YES;
				GCC_WARN_ABOUT_RETURN_TYPE = YES_ERROR;
				GCC_WARN_UNDECLARED_SELECTOR = YES;
				GCC_WARN_UNINITIALIZED_AUTOS = YES_AGGRESSIVE;
				GCC_WARN_UNUSED_FUNCTION = YES;
				GCC_WARN_UNUSED_VARIABLE = YES;
				IPHONEOS_DEPLOYMENT_TARGET = 11.2;
				MTL_ENABLE_DEBUG_INFO = NO;
				SDKROOT = iphoneos;
				VALIDATE_PRODUCT = YES;
			};
			name = Release;
		};
		19951ABF205F869500543AC2 /* Debug */ = {
			isa = XCBuildConfiguration;
			buildSettings = {
				ASSETCATALOG_COMPILER_APPICON_NAME = AppIcon;
				CODE_SIGN_STYLE = Automatic;
				DEVELOPMENT_TEAM = 3XE2P5MZFR;
				ENABLE_BITCODE = NO;
				FRAMEWORK_SEARCH_PATHS = (
					"$(inherited)",
					"$(PROJECT_DIR)/YTMoivePlayerDemo/YTVLCMoivePlayer",
				);
				INFOPLIST_FILE = YTMoivePlayerDemo/Info.plist;
				IPHONEOS_DEPLOYMENT_TARGET = 8.0;
				LD_RUNPATH_SEARCH_PATHS = "$(inherited) @executable_path/Frameworks";
				PRODUCT_BUNDLE_IDENTIFIER = com.yetaiwen.YTMoivePlayerDemo;
				PRODUCT_NAME = "$(TARGET_NAME)";
				TARGETED_DEVICE_FAMILY = "1,2";
			};
			name = Debug;
		};
		19951AC0205F869500543AC2 /* Release */ = {
			isa = XCBuildConfiguration;
			buildSettings = {
				ASSETCATALOG_COMPILER_APPICON_NAME = AppIcon;
				CODE_SIGN_STYLE = Automatic;
				DEVELOPMENT_TEAM = 3XE2P5MZFR;
				ENABLE_BITCODE = NO;
				FRAMEWORK_SEARCH_PATHS = (
					"$(inherited)",
					"$(PROJECT_DIR)/YTMoivePlayerDemo/YTVLCMoivePlayer",
				);
				INFOPLIST_FILE = YTMoivePlayerDemo/Info.plist;
				IPHONEOS_DEPLOYMENT_TARGET = 8.0;
				LD_RUNPATH_SEARCH_PATHS = "$(inherited) @executable_path/Frameworks";
				PRODUCT_BUNDLE_IDENTIFIER = com.yetaiwen.YTMoivePlayerDemo;
				PRODUCT_NAME = "$(TARGET_NAME)";
				TARGETED_DEVICE_FAMILY = "1,2";
			};
			name = Release;
		};
		19951AC2205F869500543AC2 /* Debug */ = {
			isa = XCBuildConfiguration;
			buildSettings = {
				BUNDLE_LOADER = "$(TEST_HOST)";
				CODE_SIGN_STYLE = Automatic;
				DEVELOPMENT_TEAM = 3XE2P5MZFR;
				INFOPLIST_FILE = YTMoivePlayerDemoTests/Info.plist;
				LD_RUNPATH_SEARCH_PATHS = "$(inherited) @executable_path/Frameworks @loader_path/Frameworks";
				PRODUCT_BUNDLE_IDENTIFIER = com.yetaiwen.YTMoivePlayerDemoTests;
				PRODUCT_NAME = "$(TARGET_NAME)";
				TARGETED_DEVICE_FAMILY = "1,2";
				TEST_HOST = "$(BUILT_PRODUCTS_DIR)/YTMoivePlayerDemo.app/YTMoivePlayerDemo";
			};
			name = Debug;
		};
		19951AC3205F869500543AC2 /* Release */ = {
			isa = XCBuildConfiguration;
			buildSettings = {
				BUNDLE_LOADER = "$(TEST_HOST)";
				CODE_SIGN_STYLE = Automatic;
				DEVELOPMENT_TEAM = 3XE2P5MZFR;
				INFOPLIST_FILE = YTMoivePlayerDemoTests/Info.plist;
				LD_RUNPATH_SEARCH_PATHS = "$(inherited) @executable_path/Frameworks @loader_path/Frameworks";
				PRODUCT_BUNDLE_IDENTIFIER = com.yetaiwen.YTMoivePlayerDemoTests;
				PRODUCT_NAME = "$(TARGET_NAME)";
				TARGETED_DEVICE_FAMILY = "1,2";
				TEST_HOST = "$(BUILT_PRODUCTS_DIR)/YTMoivePlayerDemo.app/YTMoivePlayerDemo";
			};
			name = Release;
		};
		19951AC5205F869500543AC2 /* Debug */ = {
			isa = XCBuildConfiguration;
			buildSettings = {
				CODE_SIGN_STYLE = Automatic;
				DEVELOPMENT_TEAM = 3XE2P5MZFR;
				INFOPLIST_FILE = YTMoivePlayerDemoUITests/Info.plist;
				LD_RUNPATH_SEARCH_PATHS = "$(inherited) @executable_path/Frameworks @loader_path/Frameworks";
				PRODUCT_BUNDLE_IDENTIFIER = com.yetaiwen.YTMoivePlayerDemoUITests;
				PRODUCT_NAME = "$(TARGET_NAME)";
				TARGETED_DEVICE_FAMILY = "1,2";
				TEST_TARGET_NAME = YTMoivePlayerDemo;
			};
			name = Debug;
		};
		19951AC6205F869500543AC2 /* Release */ = {
			isa = XCBuildConfiguration;
			buildSettings = {
				CODE_SIGN_STYLE = Automatic;
				DEVELOPMENT_TEAM = 3XE2P5MZFR;
				INFOPLIST_FILE = YTMoivePlayerDemoUITests/Info.plist;
				LD_RUNPATH_SEARCH_PATHS = "$(inherited) @executable_path/Frameworks @loader_path/Frameworks";
				PRODUCT_BUNDLE_IDENTIFIER = com.yetaiwen.YTMoivePlayerDemoUITests;
				PRODUCT_NAME = "$(TARGET_NAME)";
				TARGETED_DEVICE_FAMILY = "1,2";
				TEST_TARGET_NAME = YTMoivePlayerDemo;
			};
			name = Release;
		};
/* End XCBuildConfiguration section */

/* Begin XCConfigurationList section */
		19951A8D205F869500543AC2 /* Build configuration list for PBXProject "YTMoivePlayerDemo" */ = {
			isa = XCConfigurationList;
			buildConfigurations = (
				19951ABC205F869500543AC2 /* Debug */,
				19951ABD205F869500543AC2 /* Release */,
			);
			defaultConfigurationIsVisible = 0;
			defaultConfigurationName = Release;
		};
		19951ABE205F869500543AC2 /* Build configuration list for PBXNativeTarget "YTMoivePlayerDemo" */ = {
			isa = XCConfigurationList;
			buildConfigurations = (
				19951ABF205F869500543AC2 /* Debug */,
				19951AC0205F869500543AC2 /* Release */,
			);
			defaultConfigurationIsVisible = 0;
			defaultConfigurationName = Release;
		};
		19951AC1205F869500543AC2 /* Build configuration list for PBXNativeTarget "YTMoivePlayerDemoTests" */ = {
			isa = XCConfigurationList;
			buildConfigurations = (
				19951AC2205F869500543AC2 /* Debug */,
				19951AC3205F869500543AC2 /* Release */,
			);
			defaultConfigurationIsVisible = 0;
			defaultConfigurationName = Release;
		};
		19951AC4205F869500543AC2 /* Build configuration list for PBXNativeTarget "YTMoivePlayerDemoUITests" */ = {
			isa = XCConfigurationList;
			buildConfigurations = (
				19951AC5205F869500543AC2 /* Debug */,
				19951AC6205F869500543AC2 /* Release */,
			);
			defaultConfigurationIsVisible = 0;
			defaultConfigurationName = Release;
		};
/* End XCConfigurationList section */
	};
	rootObject = 19951A8A205F869500543AC2 /* Project object */;
}
